
Microsoft Visual Studio Solution File, Format Version 12.00
# Visual Studio 15
VisualStudioVersion = 15.0.28307.757
MinimumVisualStudioVersion = 10.0.40219.1
Project("{FAE04EC0-301F-11D3-BF4B-00C04F79EFBC}") = "Chess", "Chess\Chess.csproj", "{A85EF32E-1E7B-494F-B9F5-5C80722FBCB5}"
EndProject
Global
	GlobalSection(SolutionConfigurationPlatforms) = preSolution
		Debug|Any CPU = Debug|Any CPU
		Release|Any CPU = Release|Any CPU
	EndGlobalSection
	GlobalSection(ProjectConfigurationPlatforms) = postSolution
		{A85EF32E-1E7B-494F-B9F5-5C80722FBCB5}.Debug|Any CPU.ActiveCfg = Debug|Any CPU
		{A85EF32E-1E7B-494F-B9F5-5C80722FBCB5}.Debug|Any CPU.Build.0 = Debug|Any CPU
		{A85EF32E-1E7B-494F-B9F5-5C80722FBCB5}.Release|Any CPU.ActiveCfg = Release|Any CPU
		{A85EF32E-1E7B-494F-B9F5-5C80722FBCB5}.Release|Any CPU.Build.0 = Release|Any CPU
	EndGlobalSection
	GlobalSection(SolutionProperties) = preSolution
		HideSolutionNode = FALSE
	EndGlobalSection
	GlobalSection(ExtensibilityGlobals) = postSolution
		SolutionGuid = {C365DB6F-F60C-4B57-9477-6FAE3EA3EAA4}
	EndGlobalSection
EndGlobal
